Microsoft Visual Studio Solution File, Format Version 11.00
# Visual Studio 2008

Project("{10481C98-7DAB-B602-B272-33FF7C4856BB}") = "PureMVC_01", "Assembly-CSharp.csproj", "{9F375BB3-11D7-3976-4D16-28B5A0D9F189}"
EndProject
Global
	GlobalSection(SolutionConfigurationPlatforms) = preSolution
		Debug|Any CPU = Debug|Any CPU
		Release|Any CPU = Release|Any CPU
	EndGlobalSection
	GlobalSection(ProjectConfigurationPlatforms) = postSolution
		{9F375BB3-11D7-3976-4D16-28B5A0D9F189}.Debug|Any CPU.ActiveCfg = Debug|Any CPU
		{9F375BB3-11D7-3976-4D16-28B5A0D9F189}.Debug|Any CPU.Build.0 = Debug|Any CPU
		{9F375BB3-11D7-3976-4D16-28B5A0D9F189}.Release|Any CPU.ActiveCfg = Release|Any CPU
		{9F375BB3-11D7-3976-4D16-28B5A0D9F189}.Release|Any CPU.Build.0 = Release|Any CPU
	EndGlobalSection
	GlobalSection(SolutionProperties) = preSolution
		HideSolutionNode = FALSE
	EndGlobalSection
	GlobalSection(MonoDevelopProperties) = preSolution
		StartupItem = Assembly-CSharp.csproj
	EndGlobalSection
EndGlobal
